
Microsoft Visual Studio Solution File, Format Version 12.00
# Visual Studio Version 16
VisualStudioVersion = 16.0.32802.440
MinimumVisualStudioVersion = 10.0.40219.1
Project("{8BC9CEB8-8B4A-11D0-8D11-00A0C91BC942}") = "20221117_jik_test2.1", "20221117_jik_test2.1\20221117_jik_test2.1.vcxproj", "{7B84CD76-CBC7-4CDB-8381-92D2C4D61AB7}"
EndProject
Global
	GlobalSection(SolutionConfigurationPlatforms) = preSolution
		Debug|x64 = Debug|x64
		Debug|x86 = Debug|x86
		Release|x64 = Release|x64
		Release|x86 = Release|x86
	EndGlobalSection
	GlobalSection(ProjectConfigurationPlatforms) = postSolution
		{7B84CD76-CBC7-4CDB-8381-92D2C4D61AB7}.Debug|x64.ActiveCfg = Debug|x64
		{7B84CD76-CBC7-4CDB-8381-92D2C4D61AB7}.Debug|x64.Build.0 = Debug|x64
		{7B84CD76-CBC7-4CDB-8381-92D2C4D61AB7}.Debug|x86.ActiveCfg = Debug|Win32
		{7B84CD76-CBC7-4CDB-8381-92D2C4D61AB7}.Debug|x86.Build.0 = Debug|Win32
		{7B84CD76-CBC7-4CDB-8381-92D2C4D61AB7}.Release|x64.ActiveCfg = Release|x64
		{7B84CD76-CBC7-4CDB-8381-92D2C4D61AB7}.Release|x64.Build.0 = Release|x64
		{7B84CD76-CBC7-4CDB-8381-92D2C4D61AB7}.Release|x86.ActiveCfg = Release|Win32
		{7B84CD76-CBC7-4CDB-8381-92D2C4D61AB7}.Release|x86.Build.0 = Release|Win32
	EndGlobalSection
	GlobalSection(SolutionProperties) = preSolution
		HideSolutionNode = FALSE
	EndGlobalSection
	GlobalSection(ExtensibilityGlobals) = postSolution
		SolutionGuid = {76C6CEB1-6248-4AA8-BBA2-1E7FEF3919B4}
	EndGlobalSection
EndGlobal
